
Microsoft Visual Studio Solution File, Format Version 12.00
# Visual Studio Version 16
VisualStudioVersion = 16.0.35229.62
MinimumVisualStudioVersion = 10.0.40219.1
Project("{F184B08F-C81C-45F6-A57F-5ABD9991F28F}") = "VehicleManagement", "VehicleManagement.vbproj", "{51695F0F-0891-43B0-B8F0-F0A27CD8C33D}"
EndProject
Global
	GlobalSection(SolutionConfigurationPlatforms) = preSolution
		Debug|Any CPU = Debug|Any CPU
		Release|Any CPU = Release|Any CPU
	EndGlobalSection
	GlobalSection(ProjectConfigurationPlatforms) = postSolution
		{51695F0F-0891-43B0-B8F0-F0A27CD8C33D}.Debug|Any CPU.ActiveCfg = Debug|Any CPU
		{51695F0F-0891-43B0-B8F0-F0A27CD8C33D}.Debug|Any CPU.Build.0 = Debug|Any CPU
		{51695F0F-0891-43B0-B8F0-F0A27CD8C33D}.Release|Any CPU.ActiveCfg = Release|Any CPU
		{51695F0F-0891-43B0-B8F0-F0A27CD8C33D}.Release|Any CPU.Build.0 = Release|Any CPU
	EndGlobalSection
	GlobalSection(SolutionProperties) = preSolution
		HideSolutionNode = FALSE
	EndGlobalSection
	GlobalSection(ExtensibilityGlobals) = postSolution
		SolutionGuid = {60F29202-9E72-4A85-AD29-77AF1B6C5175}
	EndGlobalSection
EndGlobal
